{
  "projects": [
    {
      "projectId": "9exzG1GT62JcZadLz4owTA",
      "version": "latest",
      "dependencies": {},
      "lang": "js",
      "fileLocks": [
        {
          "type": "globalVariant",
          "assetId": "odSb3nMDUr",
          "checksum": "7273bc5ef2a3efddda42f77364e304cc"
        },
        {
          "assetId": "9exzG1GT62JcZadLz4owTA",
          "type": "projectCss",
          "checksum": "13124568ef6d52717df32d4a2ed9b8ce"
        },
        {
          "type": "renderModule",
          "assetId": "bMdKBFFfzs",
          "checksum": "1b5a81c51b7b623456e83d29e7a79657"
        },
        {
          "type": "cssRules",
          "assetId": "bMdKBFFfzs",
          "checksum": "1b5a81c51b7b623456e83d29e7a79657"
        },
        {
          "type": "renderModule",
          "assetId": "2H0V71C99l",
          "checksum": "117dfe30a775cb1d070132b61e1271d1"
        },
        {
          "type": "cssRules",
          "assetId": "2H0V71C99l",
          "checksum": "117dfe30a775cb1d070132b61e1271d1"
        },
        {
          "type": "renderModule",
          "assetId": "MOY-0ywah5",
          "checksum": "ae37d753b9bcac5d02e6422784a5f70f"
        },
        {
          "type": "cssRules",
          "assetId": "MOY-0ywah5",
          "checksum": "ae37d753b9bcac5d02e6422784a5f70f"
        },
        {
          "type": "renderModule",
          "assetId": "md0Yrhuhaz",
          "checksum": "e0916d9d7fbd264453ed6a2549b1d32f"
        },
        {
          "type": "cssRules",
          "assetId": "md0Yrhuhaz",
          "checksum": "e0916d9d7fbd264453ed6a2549b1d32f"
        },
        {
          "type": "renderModule",
          "assetId": "iJP9-7cgRa",
          "checksum": "e2970a5ab940c577dd4eb2f76480d9e0"
        },
        {
          "type": "cssRules",
          "assetId": "iJP9-7cgRa",
          "checksum": "e2970a5ab940c577dd4eb2f76480d9e0"
        },
        {
          "type": "renderModule",
          "assetId": "eCdmC84KTs",
          "checksum": "dd53e1b64b4f5bc9feab84da7e42961f"
        },
        {
          "type": "cssRules",
          "assetId": "eCdmC84KTs",
          "checksum": "dd53e1b64b4f5bc9feab84da7e42961f"
        },
        {
          "type": "renderModule",
          "assetId": "4XVncLvLu9",
          "checksum": "e591522bbbeba042a131a4b7450c84af"
        },
        {
          "type": "cssRules",
          "assetId": "4XVncLvLu9",
          "checksum": "e591522bbbeba042a131a4b7450c84af"
        },
        {
          "type": "renderModule",
          "assetId": "qmi9gzc5EPV",
          "checksum": "30dde4936d29fd29fc27093332d7f2f1"
        },
        {
          "type": "cssRules",
          "assetId": "qmi9gzc5EPV",
          "checksum": "30dde4936d29fd29fc27093332d7f2f1"
        },
        {
          "type": "renderModule",
          "assetId": "3p1beTTXOe",
          "checksum": "e05cc1e15e4669b042dc4e8f0584ea06"
        },
        {
          "type": "cssRules",
          "assetId": "3p1beTTXOe",
          "checksum": "e05cc1e15e4669b042dc4e8f0584ea06"
        },
        {
          "type": "renderModule",
          "assetId": "sEatx_evem",
          "checksum": "0e0a3e0b4a57b6ea1c8e9c0e301c00ee"
        },
        {
          "type": "cssRules",
          "assetId": "sEatx_evem",
          "checksum": "0e0a3e0b4a57b6ea1c8e9c0e301c00ee"
        },
        {
          "type": "renderModule",
          "assetId": "S0p9CCVZas",
          "checksum": "f40319f3ccf1c2991a7d67d61f53aaa5"
        },
        {
          "type": "cssRules",
          "assetId": "S0p9CCVZas",
          "checksum": "f40319f3ccf1c2991a7d67d61f53aaa5"
        },
        {
          "type": "renderModule",
          "assetId": "qxH2iITxwI",
          "checksum": "e808c9286bbb958f0a881ab4239b0ebc"
        },
        {
          "type": "cssRules",
          "assetId": "qxH2iITxwI",
          "checksum": "e808c9286bbb958f0a881ab4239b0ebc"
        },
        {
          "type": "renderModule",
          "assetId": "46iviTGWOP",
          "checksum": "039212f935f8d39d1005933b44916736"
        },
        {
          "type": "cssRules",
          "assetId": "46iviTGWOP",
          "checksum": "039212f935f8d39d1005933b44916736"
        },
        {
          "type": "icon",
          "assetId": "qDGNkHLQJS",
          "checksum": "23eb8ab60ef0119944d58a1b1133949e"
        },
        {
          "type": "icon",
          "assetId": "HGDl8RHIbNP",
          "checksum": "c767292dd6c2d1d294df76f3ebe32c2b"
        },
        {
          "type": "icon",
          "assetId": "JewPDaOGdxG",
          "checksum": "dddbe585541489fad9fc2fd7be44ef32"
        },
        {
          "type": "icon",
          "assetId": "xOSCi89jlei",
          "checksum": "c2fe35473588798e77560e233f59ef79"
        },
        {
          "type": "icon",
          "assetId": "q6lxaATz3rw",
          "checksum": "0f97fb83999441212633d8db1a8b68c4"
        },
        {
          "type": "icon",
          "assetId": "Vk_zTE95rXz",
          "checksum": "12c617e006e8c6683e7318e08972d8c2"
        },
        {
          "type": "icon",
          "assetId": "qIJkHXaAirk",
          "checksum": "f7248f3690bfa5e9130d88488089c8cf"
        },
        {
          "type": "icon",
          "assetId": "QCB4Ot3uTP",
          "checksum": "cbf5cb0a851e5449d6e40a5951f96cad"
        },
        {
          "type": "icon",
          "assetId": "S3xG3HOwt4",
          "checksum": "e242333f2098b43406fccd9d0a96a929"
        },
        {
          "type": "icon",
          "assetId": "nSlOqcrTXe",
          "checksum": "a882ee7450af286037eecd39a2b9dd7f"
        },
        {
          "type": "icon",
          "assetId": "1uWd_133mT",
          "checksum": "87803491ccb955daeb5841554fb2bf8d"
        },
        {
          "type": "icon",
          "assetId": "VGZUFkb_F",
          "checksum": "aa2e81426f74b6fdd12c3448574a267b"
        },
        {
          "type": "icon",
          "assetId": "xfIkq-3otM",
          "checksum": "cd58ea4758871eb00ed04f5b6b9c547b"
        },
        {
          "type": "icon",
          "assetId": "nikmI0ruPN",
          "checksum": "50604a4a2fd073a887232c68dfe2c18f"
        },
        {
          "type": "image",
          "assetId": "eqmT2cU3a",
          "checksum": "3aff6b4524487a1fc16dc14985261ba4"
        },
        {
          "type": "image",
          "assetId": "TrqCQkNnp9",
          "checksum": "bba9c29a44749d46e1810cb1e8d3cba6"
        },
        {
          "type": "image",
          "assetId": "JuOWlsTkqj",
          "checksum": "9dc772d786e7d6f2a870063daed8278d"
        },
        {
          "type": "image",
          "assetId": "_aqnK86y2S",
          "checksum": "ad0f7d5369d255883c627719ab80ae97"
        },
        {
          "type": "image",
          "assetId": "mRQsA2IB0e",
          "checksum": "03b5a9241ef74d66887b0d011965ad2f"
        },
        {
          "type": "image",
          "assetId": "lNomAl7ONx",
          "checksum": "0324cc988bf1158a061741a0d635f13b"
        },
        {
          "type": "image",
          "assetId": "7KU-WW4o8",
          "checksum": "0aba7f40b829bec33f46b57e86b7d943"
        },
        {
          "type": "image",
          "assetId": "m1Pd1TQ9w",
          "checksum": "aeb77652da23ddb5c0194998979b91da"
        }
      ]
    }
  ],
  "cliVersion": "0.1.158"
}
